
Microsoft Visual Studio Solution File, Format Version 12.00
# Visual Studio Version 16
VisualStudioVersion = 16.0.31624.102
MinimumVisualStudioVersion = 10.0.40219.1
Project("{6EC3EE1D-3C4E-46DD-8F32-0CC8E7565705}") = "ForEditingRhino6", "ForEditingRhino6.fsproj", "{B0F49A1D-FD3C-44BC-A327-13527818D64D}"
EndProject
Global
	GlobalSection(SolutionConfigurationPlatforms) = preSolution
		Debug|Any CPU = Debug|Any CPU
		Release|Any CPU = Release|Any CPU
	EndGlobalSection
	GlobalSection(ProjectConfigurationPlatforms) = postSolution
		{B0F49A1D-FD3C-44BC-A327-13527818D64D}.Debug|Any CPU.ActiveCfg = Debug|Any CPU
		{B0F49A1D-FD3C-44BC-A327-13527818D64D}.Debug|Any CPU.Build.0 = Debug|Any CPU
		{B0F49A1D-FD3C-44BC-A327-13527818D64D}.Release|Any CPU.ActiveCfg = Release|Any CPU
		{B0F49A1D-FD3C-44BC-A327-13527818D64D}.Release|Any CPU.Build.0 = Release|Any CPU
	EndGlobalSection
	GlobalSection(SolutionProperties) = preSolution
		HideSolutionNode = FALSE
	EndGlobalSection
	GlobalSection(ExtensibilityGlobals) = postSolution
		SolutionGuid = {6244A95A-3FAA-4FDE-BF9D-343B107AC4FA}
	EndGlobalSection
EndGlobal
