
Microsoft Visual Studio Solution File, Format Version 12.00
# Visual Studio Version 16
VisualStudioVersion = 16.0.31624.102
MinimumVisualStudioVersion = 10.0.40219.1
Project("{6EC3EE1D-3C4E-46DD-8F32-0CC8E7565705}") = "Rhino6.ScriptingDevOnly", "Rhino6.ScriptingDevOnly.fsproj", "{3590441C-127A-49FD-AD47-6AC3E5E117D2}"
EndProject
Global
	GlobalSection(SolutionConfigurationPlatforms) = preSolution
		Debug|Any CPU = Debug|Any CPU
		Release|Any CPU = Release|Any CPU
	EndGlobalSection
	GlobalSection(ProjectConfigurationPlatforms) = postSolution
		{3590441C-127A-49FD-AD47-6AC3E5E117D2}.Debug|Any CPU.ActiveCfg = Debug|Any CPU
		{3590441C-127A-49FD-AD47-6AC3E5E117D2}.Debug|Any CPU.Build.0 = Debug|Any CPU
		{3590441C-127A-49FD-AD47-6AC3E5E117D2}.Release|Any CPU.ActiveCfg = Release|Any CPU
		{3590441C-127A-49FD-AD47-6AC3E5E117D2}.Release|Any CPU.Build.0 = Release|Any CPU
	EndGlobalSection
	GlobalSection(SolutionProperties) = preSolution
		HideSolutionNode = FALSE
	EndGlobalSection
	GlobalSection(ExtensibilityGlobals) = postSolution
		SolutionGuid = {AB34B253-C0BD-496E-B20C-8D22637E4C5A}
	EndGlobalSection
EndGlobal
