
Microsoft Visual Studio Solution File, Format Version 12.00
# Visual Studio Version 16
VisualStudioVersion = 16.0.31515.178
MinimumVisualStudioVersion = 10.0.40219.1
Project("{6EC3EE1D-3C4E-46DD-8F32-0CC8E7565705}") = "Rhino6.Scripting", "Rhino6.Scripting.fsproj", "{C8F5542C-DB7A-4F10-AA90-E6B03BEC69B3}"
EndProject
Global
	GlobalSection(SolutionConfigurationPlatforms) = preSolution
		Debug|Any CPU = Debug|Any CPU
		Release|Any CPU = Release|Any CPU
	EndGlobalSection
	GlobalSection(ProjectConfigurationPlatforms) = postSolution
		{C8F5542C-DB7A-4F10-AA90-E6B03BEC69B3}.Debug|Any CPU.ActiveCfg = Debug|Any CPU
		{C8F5542C-DB7A-4F10-AA90-E6B03BEC69B3}.Debug|Any CPU.Build.0 = Debug|Any CPU
		{C8F5542C-DB7A-4F10-AA90-E6B03BEC69B3}.Release|Any CPU.ActiveCfg = Release|Any CPU
		{C8F5542C-DB7A-4F10-AA90-E6B03BEC69B3}.Release|Any CPU.Build.0 = Release|Any CPU
	EndGlobalSection
	GlobalSection(SolutionProperties) = preSolution
		HideSolutionNode = FALSE
	EndGlobalSection
	GlobalSection(ExtensibilityGlobals) = postSolution
		SolutionGuid = {8F0BC09F-850F-4E05-A91B-7F6D128487BC}
	EndGlobalSection
EndGlobal
