
Microsoft Visual Studio Solution File, Format Version 12.00
# Visual Studio 15
VisualStudioVersion = 15.0.28307.645
MinimumVisualStudioVersion = 10.0.40219.1
Project("{F2A71F9B-5D33-465A-A702-920D77279786}") = "Rhino.Scripting", "Rhino.Scripting.fsproj", "{3FD90221-1402-4278-8F36-FC7999E4798C}"
EndProject
Global
	GlobalSection(SolutionConfigurationPlatforms) = preSolution
		Debug|Any CPU = Debug|Any CPU
		Release|Any CPU = Release|Any CPU
	EndGlobalSection
	GlobalSection(ProjectConfigurationPlatforms) = postSolution
		{3FD90221-1402-4278-8F36-FC7999E4798C}.Debug|Any CPU.ActiveCfg = Debug|Any CPU
		{3FD90221-1402-4278-8F36-FC7999E4798C}.Debug|Any CPU.Build.0 = Debug|Any CPU
		{3FD90221-1402-4278-8F36-FC7999E4798C}.Release|Any CPU.ActiveCfg = Release|Any CPU
		{3FD90221-1402-4278-8F36-FC7999E4798C}.Release|Any CPU.Build.0 = Release|Any CPU
	EndGlobalSection
	GlobalSection(SolutionProperties) = preSolution
		HideSolutionNode = FALSE
	EndGlobalSection
	GlobalSection(ExtensibilityGlobals) = postSolution
		SolutionGuid = {C5588E39-5ADE-47B3-8376-D4DC9397384F}
	EndGlobalSection
EndGlobal
